
Microsoft Visual Studio Solution File, Format Version 12.00
# Visual Studio Version 17
VisualStudioVersion = 17.8.34322.80
MinimumVisualStudioVersion = 10.0.40219.1
Project("{FAE04EC0-301F-11D3-BF4B-00C04F79EFBC}") = "CardGames", "CardGames.csproj", "{74DE33C3-214E-4ABA-94F5-7F67C860B5BC}"
EndProject
Global
	GlobalSection(SolutionConfigurationPlatforms) = preSolution
		Debug|Any CPU = Debug|Any CPU
		Release|Any CPU = Release|Any CPU
	EndGlobalSection
	GlobalSection(ProjectConfigurationPlatforms) = postSolution
		{74DE33C3-214E-4ABA-94F5-7F67C860B5BC}.Debug|Any CPU.ActiveCfg = Debug|Any CPU
		{74DE33C3-214E-4ABA-94F5-7F67C860B5BC}.Debug|Any CPU.Build.0 = Debug|Any CPU
		{74DE33C3-214E-4ABA-94F5-7F67C860B5BC}.Release|Any CPU.ActiveCfg = Release|Any CPU
		{74DE33C3-214E-4ABA-94F5-7F67C860B5BC}.Release|Any CPU.Build.0 = Release|Any CPU
	EndGlobalSection
	GlobalSection(SolutionProperties) = preSolution
		HideSolutionNode = FALSE
	EndGlobalSection
	GlobalSection(ExtensibilityGlobals) = postSolution
		SolutionGuid = {FA3F7DAE-8D91-4A89-9E27-63752F98CC46}
	EndGlobalSection
EndGlobal
